// !$*UTF8*$!
{
	archiveVersion = 1;
	classes = {
	};
	objectVersion = 46;
	objects = {

/* Begin PBXBuildFile section */
		847966541C254AD2006E338F /* AppDelegate.swift in Sources */ = {isa = PBXBuildFile; fileRef = 847966531C254AD2006E338F /* AppDelegate.swift */; };
		847966561C254AD2006E338F /* ViewController.swift in Sources */ = {isa = PBXBuildFile; fileRef = 847966551C254AD2006E338F /* ViewController.swift */; };
		847966591C254AD2006E338F /* Main.storyboard in Resources */ = {isa = PBXBuildFile; fileRef = 847966571C254AD2006E338F /* Main.storyboard */; };
		8479665B1C254AD2006E338F /* Assets.xcassets in Resources */ = {isa = PBXBuildFile; fileRef = 8479665A1C254AD2006E338F /* Assets.xcassets */; };
		8479665E1C254AD2006E338F /* LaunchScreen.storyboard in Resources */ = {isa = PBXBuildFile; fileRef = 8479665C1C254AD2006E338F /* LaunchScreen.storyboard */; };
		847966691C254AD2006E338F /* tipsTests.swift in Sources */ = {isa = PBXBuildFile; fileRef = 847966681C254AD2006E338F /* tipsTests.swift */; };
		847966741C254AD2006E338F /* tipsUITests.swift in Sources */ = {isa = PBXBuildFile; fileRef = 847966731C254AD2006E338F /* tipsUITests.swift */; };
/* End PBXBuildFile section */

/* Begin PBXContainerItemProxy section */
		847966651C254AD2006E338F /* PBXContainerItemProxy */ = {
			isa = PBXContainerItemProxy;
			containerPortal = 847966481C254AD2006E338F /* Project object */;
			proxyType = 1;
			remoteGlobalIDString = 8479664F1C254AD2006E338F;
			remoteInfo = tips;
		};
		847966701C254AD2006E338F /* PBXContainerItemProxy */ = {
			isa = PBXContainerItemProxy;
			containerPortal = 847966481C254AD2006E338F /* Project object */;
			proxyType = 1;
			remoteGlobalIDString = 8479664F1C254AD2006E338F;
			remoteInfo = tips;
		};
/* End PBXContainerItemProxy section */

/* Begin PBXFileReference section */
		847966501C254AD2006E338F /* tips.app */ = {isa = PBXFileReference; explicitFileType = wrapper.application; includeInIndex = 0; path = tips.app; sourceTree = BUILT_PRODUCTS_DIR; };
		847966531C254AD2006E338F /* AppDelegate.swift */ = {isa = PBXFileReference; lastKnownFileType = sourcecode.swift; path = AppDelegate.swift; sourceTree = "<group>"; };
		847966551C254AD2006E338F /* ViewController.swift */ = {isa = PBXFileReference; lastKnownFileType = sourcecode.swift; path = ViewController.swift; sourceTree = "<group>"; };
		847966581C254AD2006E338F /* Base */ = {isa = PBXFileReference; lastKnownFileType = file.storyboard; name = Base; path = Base.lproj/Main.storyboard; sourceTree = "<group>"; };
		8479665A1C254AD2006E338F /* Assets.xcassets */ = {isa = PBXFileReference; lastKnownFileType = folder.assetcatalog; path = Assets.xcassets; sourceTree = "<group>"; };
		8479665D1C254AD2006E338F /* Base */ = {isa = PBXFileReference; lastKnownFileType = file.storyboard; name = Base; path = Base.lproj/LaunchScreen.storyboard; sourceTree = "<group>"; };
		8479665F1C254AD2006E338F /* Info.plist */ = {isa = PBXFileReference; lastKnownFileType = text.plist.xml; path = Info.plist; sourceTree = "<group>"; };
		847966641C254AD2006E338F /* tipsTests.xctest */ = {isa = PBXFileReference; explicitFileType = wrapper.cfbundle; includeInIndex = 0; path = tipsTests.xctest; sourceTree = BUILT_PRODUCTS_DIR; };
		847966681C254AD2006E338F /* tipsTests.swift */ = {isa = PBXFileReference; lastKnownFileType = sourcecode.swift; path = tipsTests.swift; sourceTree = "<group>"; };
		8479666A1C254AD2006E338F /* Info.plist */ = {isa = PBXFileReference; lastKnownFileType = text.plist.xml; path = Info.plist; sourceTree = "<group>"; };
		8479666F1C254AD2006E338F /* tipsUITests.xctest */ = {isa = PBXFileReference; explicitFileType = wrapper.cfbundle; includeInIndex = 0; path = tipsUITests.xctest; sourceTree = BUILT_PRODUCTS_DIR; };
		847966731C254AD2006E338F /* tipsUITests.swift */ = {isa = PBXFileReference; lastKnownFileType = sourcecode.swift; path = tipsUITests.swift; sourceTree = "<group>"; };
		847966751C254AD2006E338F /* Info.plist */ = {isa = PBXFileReference; lastKnownFileType = text.plist.xml; path = Info.plist; sourceTree = "<group>"; };
/* End PBXFileReference section */

/* Begin PBXFrameworksBuildPhase section */
		8479664D1C254AD2006E338F /* Frameworks */ = {
			isa = PBXFrameworksBuildPhase;
			buildActionMask = 2147483647;
			files = (
			);
			runOnlyForDeploymentPostprocessing = 0;
		};
		847966611C254AD2006E338F /* Frameworks */ = {
			isa = PBXFrameworksBuildPhase;
			buildActionMask = 2147483647;
			files = (
			);
			runOnlyForDeploymentPostprocessing = 0;
		};
		8479666C1C254AD2006E338F /* Frameworks */ = {
			isa = PBXFrameworksBuildPhase;
			buildActionMask = 2147483647;
			files = (
			);
			runOnlyForDeploymentPostprocessing = 0;
		};
/* End PBXFrameworksBuildPhase section */

/* Begin PBXGroup section */
		847966471C254AD2006E338F = {
			isa = PBXGroup;
			children = (
				847966521C254AD2006E338F /* tips */,
				847966671C254AD2006E338F /* tipsTests */,
				847966721C254AD2006E338F /* tipsUITests */,
				847966511C254AD2006E338F /* Products */,
			);
			sourceTree = "<group>";
		};
		847966511C254AD2006E338F /* Products */ = {
			isa = PBXGroup;
			children = (
				847966501C254AD2006E338F /* tips.app */,
				847966641C254AD2006E338F /* tipsTests.xctest */,
				8479666F1C254AD2006E338F /* tipsUITests.xctest */,
			);
			name = Products;
			sourceTree = "<group>";
		};
		847966521C254AD2006E338F /* tips */ = {
			isa = PBXGroup;
			children = (
				847966531C254AD2006E338F /* AppDelegate.swift */,
				847966551C254AD2006E338F /* ViewController.swift */,
				847966571C254AD2006E338F /* Main.storyboard */,
				8479665A1C254AD2006E338F /* Assets.xcassets */,
				8479665C1C254AD2006E338F /* LaunchScreen.storyboard */,
				8479665F1C254AD2006E338F /* Info.plist */,
			);
			path = tips;
			sourceTree = "<group>";
		};
		847966671C254AD2006E338F /* tipsTests */ = {
			isa = PBXGroup;
			children = (
				847966681C254AD2006E338F /* tipsTests.swift */,
				8479666A1C254AD2006E338F /* Info.plist */,
			);
			path = tipsTests;
			sourceTree = "<group>";
		};
		847966721C254AD2006E338F /* tipsUITests */ = {
			isa = PBXGroup;
			children = (
				847966731C254AD2006E338F /* tipsUITests.swift */,
				847966751C254AD2006E338F /* Info.plist */,
			);
			path = tipsUITests;
			sourceTree = "<group>";
		};
/* End PBXGroup section */

/* Begin PBXNativeTarget section */
		8479664F1C254AD2006E338F /* tips */ = {
			isa = PBXNativeTarget;
			buildConfigurationList = 847966781C254AD2006E338F /* Build configuration list for PBXNativeTarget "tips" */;
			buildPhases = (
				8479664C1C254AD2006E338F /* Sources */,
				8479664D1C254AD2006E338F /* Frameworks */,
				8479664E1C254AD2006E338F /* Resources */,
			);
			buildRules = (
			);
			dependencies = (
			);
			name = tips;
			productName = tips;
			productReference = 847966501C254AD2006E338F /* tips.app */;
			productType = "com.apple.product-type.application";
		};
		847966631C254AD2006E338F /* tipsTests */ = {
			isa = PBXNativeTarget;
			buildConfigurationList = 8479667B1C254AD2006E338F /* Build configuration list for PBXNativeTarget "tipsTests" */;
			buildPhases = (
				847966601C254AD2006E338F /* Sources */,
				847966611C254AD2006E338F /* Frameworks */,
				847966621C254AD2006E338F /* Resources */,
			);
			buildRules = (
			);
			dependencies = (
				847966661C254AD2006E338F /* PBXTargetDependency */,
			);
			name = tipsTests;
			productName = tipsTests;
			productReference = 847966641C254AD2006E338F /* tipsTests.xctest */;
			productType = "com.apple.product-type.bundle.unit-test";
		};
		8479666E1C254AD2006E338F /* tipsUITests */ = {
			isa = PBXNativeTarget;
			buildConfigurationList = 8479667E1C254AD2006E338F /* Build configuration list for PBXNativeTarget "tipsUITests" */;
			buildPhases = (
				8479666B1C254AD2006E338F /* Sources */,
				8479666C1C254AD2006E338F /* Frameworks */,
				8479666D1C254AD2006E338F /* Resources */,
			);
			buildRules = (
			);
			dependencies = (
				847966711C254AD2006E338F /* PBXTargetDependency */,
			);
			name = tipsUITests;
			productName = tipsUITests;
			productReference = 8479666F1C254AD2006E338F /* tipsUITests.xctest */;
			productType = "com.apple.product-type.bundle.ui-testing";
		};
/* End PBXNativeTarget section */

/* Begin PBXProject section */
		847966481C254AD2006E338F /* Project object */ = {
			isa = PBXProject;
			attributes = {
				LastSwiftUpdateCheck = 0720;
				LastUpgradeCheck = 0720;
				ORGANIZATIONNAME = "Allen Wu";
				TargetAttributes = {
					8479664F1C254AD2006E338F = {
						CreatedOnToolsVersion = 7.2;
					};
					847966631C254AD2006E338F = {
						CreatedOnToolsVersion = 7.2;
						TestTargetID = 8479664F1C254AD2006E338F;
					};
					8479666E1C254AD2006E338F = {
						CreatedOnToolsVersion = 7.2;
						TestTargetID = 8479664F1C254AD2006E338F;
					};
				};
			};
			buildConfigurationList = 8479664B1C254AD2006E338F /* Build configuration list for PBXProject "tips" */;
			compatibilityVersion = "Xcode 3.2";
			developmentRegion = English;
			hasScannedForEncodings = 0;
			knownRegions = (
				en,
				Base,
			);
			mainGroup = 847966471C254AD2006E338F;
			productRefGroup = 847966511C254AD2006E338F /* Products */;
			projectDirPath = "";
			projectRoot = "";
			targets = (
				8479664F1C254AD2006E338F /* tips */,
				847966631C254AD2006E338F /* tipsTests */,
				8479666E1C254AD2006E338F /* tipsUITests */,
			);
		};
/* End PBXProject section */

/* Begin PBXResourcesBuildPhase section */
		8479664E1C254AD2006E338F /* Resources */ = {
			isa = PBXResourcesBuildPhase;
			buildActionMask = 2147483647;
			files = (
				8479665E1C254AD2006E338F /* LaunchScreen.storyboard in Resources */,
				8479665B1C254AD2006E338F /* Assets.xcassets in Resources */,
				847966591C254AD2006E338F /* Main.storyboard in Resources */,
			);
			runOnlyForDeploymentPostprocessing = 0;
		};
		847966621C254AD2006E338F /* Resources */ = {
			isa = PBXResourcesBuildPhase;
			buildActionMask = 2147483647;
			files = (
			);
			runOnlyForDeploymentPostprocessing = 0;
		};
		8479666D1C254AD2006E338F /* Resources */ = {
			isa = PBXResourcesBuildPhase;
			buildActionMask = 2147483647;
			files = (
			);
			runOnlyForDeploymentPostprocessing = 0;
		};
/* End PBXResourcesBuildPhase section */

/* Begin PBXSourcesBuildPhase section */
		8479664C1C254AD2006E338F /* Sources */ = {
			isa = PBXSourcesBuildPhase;
			buildActionMask = 2147483647;
			files = (
				847966561C254AD2006E338F /* ViewController.swift in Sources */,
				847966541C254AD2006E338F /* AppDelegate.swift in Sources */,
			);
			runOnlyForDeploymentPostprocessing = 0;
		};
		847966601C254AD2006E338F /* Sources */ = {
			isa = PBXSourcesBuildPhase;
			buildActionMask = 2147483647;
			files = (
				847966691C254AD2006E338F /* tipsTests.swift in Sources */,
			);
			runOnlyForDeploymentPostprocessing = 0;
		};
		8479666B1C254AD2006E338F /* Sources */ = {
			isa = PBXSourcesBuildPhase;
			buildActionMask = 2147483647;
			files = (
				847966741C254AD2006E338F /* tipsUITests.swift in Sources */,
			);
			runOnlyForDeploymentPostprocessing = 0;
		};
/* End PBXSourcesBuildPhase section */

/* Begin PBXTargetDependency section */
		847966661C254AD2006E338F /* PBXTargetDependency */ = {
			isa = PBXTargetDependency;
			target = 8479664F1C254AD2006E338F /* tips */;
			targetProxy = 847966651C254AD2006E338F /* PBXContainerItemProxy */;
		};
		847966711C254AD2006E338F /* PBXTargetDependency */ = {
			isa = PBXTargetDependency;
			target = 8479664F1C254AD2006E338F /* tips */;
			targetProxy = 847966701C254AD2006E338F /* PBXContainerItemProxy */;
		};
/* End PBXTargetDependency section */

/* Begin PBXVariantGroup section */
		847966571C254AD2006E338F /* Main.storyboard */ = {
			isa = PBXVariantGroup;
			children = (
				847966581C254AD2006E338F /* Base */,
			);
			name = Main.storyboard;
			sourceTree = "<group>";
		};
		8479665C1C254AD2006E338F /* LaunchScreen.storyboard */ = {
			isa = PBXVariantGroup;
			children = (
				8479665D1C254AD2006E338F /* Base */,
			);
			name = LaunchScreen.storyboard;
			sourceTree = "<group>";
		};
/* End PBXVariantGroup section */

/* Begin XCBuildConfiguration section */
		847966761C254AD2006E338F /* Debug */ = {
			isa = XCBuildConfiguration;
			buildSettings = {
				ALWAYS_SEARCH_USER_PATHS = NO;
				CLANG_CXX_LANGUAGE_STANDARD = "gnu++0x";
				CLANG_CXX_LIBRARY = "libc++";
				CLANG_ENABLE_MODULES = YES;
				CLANG_ENABLE_OBJC_ARC = YES;
				CLANG_WARN_BOOL_CONVERSION = YES;
				CLANG_WARN_CONSTANT_CONVERSION = YES;
				CLANG_WARN_DIRECT_OBJC_ISA_USAGE = YES_ERROR;
				CLANG_WARN_EMPTY_BODY = YES;
				CLANG_WARN_ENUM_CONVERSION = YES;
				CLANG_WARN_INT_CONVERSION = YES;
				CLANG_WARN_OBJC_ROOT_CLASS = YES_ERROR;
				CLANG_WARN_UNREACHABLE_CODE = YES;
				CLANG_WARN__DUPLICATE_METHOD_MATCH = YES;
				"CODE_SIGN_IDENTITY[sdk=iphoneos*]" = "iPhone Developer";
				COPY_PHASE_STRIP = NO;
				DEBUG_INFORMATION_FORMAT = dwarf;
				ENABLE_STRICT_OBJC_MSGSEND = YES;
				ENABLE_TESTABILITY = YES;
				GCC_C_LANGUAGE_STANDARD = gnu99;
				GCC_DYNAMIC_NO_PIC = NO;
				GCC_NO_COMMON_BLOCKS = YES;
				GCC_OPTIMIZATION_LEVEL = 0;
				GCC_PREPROCESSOR_DEFINITIONS = (
					"DEBUG=1",
					"$(inherited)",
				);
				GCC_WARN_64_TO_32_BIT_CONVERSION = YES;
				GCC_WARN_ABOUT_RETURN_TYPE = YES_ERROR;
				GCC_WARN_UNDECLARED_SELECTOR = YES;
				GCC_WARN_UNINITIALIZED_AUTOS = YES_AGGRESSIVE;
				GCC_WARN_UNUSED_FUNCTION = YES;
				GCC_WARN_UNUSED_VARIABLE = YES;
				IPHONEOS_DEPLOYMENT_TARGET = 9.2;
				MTL_ENABLE_DEBUG_INFO = YES;
				ONLY_ACTIVE_ARCH = YES;
				SDKROOT = iphoneos;
				SWIFT_OPTIMIZATION_LEVEL = "-Onone";
			};
			name = Debug;
		};
		847966771C254AD2006E338F /* Release */ = {
			isa = XCBuildConfiguration;
			buildSettings = {
				ALWAYS_SEARCH_USER_PATHS = NO;
				CLANG_CXX_LANGUAGE_STANDARD = "gnu++0x";
				CLANG_CXX_LIBRARY = "libc++";
				CLANG_ENABLE_MODULES = YES;
				CLANG_ENABLE_OBJC_ARC = YES;
				CLANG_WARN_BOOL_CONVERSION = YES;
				CLANG_WARN_CONSTANT_CONVERSION = YES;
				CLANG_WARN_DIRECT_OBJC_ISA_USAGE = YES_ERROR;
				CLANG_WARN_EMPTY_BODY = YES;
				CLANG_WARN_ENUM_CONVERSION = YES;
				CLANG_WARN_INT_CONVERSION = YES;
				CLANG_WARN_OBJC_ROOT_CLASS = YES_ERROR;
				CLANG_WARN_UNREACHABLE_CODE = YES;
				CLANG_WARN__DUPLICATE_METHOD_MATCH = YES;
				"CODE_SIGN_IDENTITY[sdk=iphoneos*]" = "iPhone Developer";
				COPY_PHASE_STRIP = NO;
				DEBUG_INFORMATION_FORMAT = "dwarf-with-dsym";
				ENABLE_NS_ASSERTIONS = NO;
				ENABLE_STRICT_OBJC_MSGSEND = YES;
				GCC_C_LANGUAGE_STANDARD = gnu99;
				GCC_NO_COMMON_BLOCKS = YES;
				GCC_WARN_64_TO_32_BIT_CONVERSION = YES;
				GCC_WARN_ABOUT_RETURN_TYPE = YES_ERROR;
				GCC_WARN_UNDECLARED_SELECTOR = YES;
				GCC_WARN_UNINITIALIZED_AUTOS = YES_AGGRESSIVE;
				GCC_WARN_UNUSED_FUNCTION = YES;
				GCC_WARN_UNUSED_VARIABLE = YES;
				IPHONEOS_DEPLOYMENT_TARGET = 9.2;
				MTL_ENABLE_DEBUG_INFO = NO;
				SDKROOT = iphoneos;
				VALIDATE_PRODUCT = YES;
			};
			name = Release;
		};
		847966791C254AD2006E338F /* Debug */ = {
			isa = XCBuildConfiguration;
			buildSettings = {
				ASSETCATALOG_COMPILER_APPICON_NAME = AppIcon;
				INFOPLIST_FILE = tips/Info.plist;
				LD_RUNPATH_SEARCH_PATHS = "$(inherited) @executable_path/Frameworks";
				PRODUCT_BUNDLE_IDENTIFIER = com.allenwoot.tips.tips;
				PRODUCT_NAME = "$(TARGET_NAME)";
			};
			name = Debug;
		};
		8479667A1C254AD2006E338F /* Release */ = {
			isa = XCBuildConfiguration;
			buildSettings = {
				ASSETCATALOG_COMPILER_APPICON_NAME = AppIcon;
				INFOPLIST_FILE = tips/Info.plist;
				LD_RUNPATH_SEARCH_PATHS = "$(inherited) @executable_path/Frameworks";
				PRODUCT_BUNDLE_IDENTIFIER = com.allenwoot.tips.tips;
				PRODUCT_NAME = "$(TARGET_NAME)";
			};
			name = Release;
		};
		8479667C1C254AD2006E338F /* Debug */ = {
			isa = XCBuildConfiguration;
			buildSettings = {
				BUNDLE_LOADER = "$(TEST_HOST)";
				INFOPLIST_FILE = tipsTests/Info.plist;
				LD_RUNPATH_SEARCH_PATHS = "$(inherited) @executable_path/Frameworks @loader_path/Frameworks";
				PRODUCT_BUNDLE_IDENTIFIER = com.allenwoot.tips.tipsTests;
				PRODUCT_NAME = "$(TARGET_NAME)";
				TEST_HOST = "$(BUILT_PRODUCTS_DIR)/tips.app/tips";
			};
			name = Debug;
		};
		8479667D1C254AD2006E338F /* Release */ = {
			isa = XCBuildConfiguration;
			buildSettings = {
				BUNDLE_LOADER = "$(TEST_HOST)";
				INFOPLIST_FILE = tipsTests/Info.plist;
				LD_RUNPATH_SEARCH_PATHS = "$(inherited) @executable_path/Frameworks @loader_path/Frameworks";
				PRODUCT_BUNDLE_IDENTIFIER = com.allenwoot.tips.tipsTests;
				PRODUCT_NAME = "$(TARGET_NAME)";
				TEST_HOST = "$(BUILT_PRODUCTS_DIR)/tips.app/tips";
			};
			name = Release;
		};
		8479667F1C254AD2006E338F /* Debug */ = {
			isa = XCBuildConfiguration;
			buildSettings = {
				INFOPLIST_FILE = tipsUITests/Info.plist;
				LD_RUNPATH_SEARCH_PATHS = "$(inherited) @executable_path/Frameworks @loader_path/Frameworks";
				PRODUCT_BUNDLE_IDENTIFIER = com.allenwoot.tips.tipsUITests;
				PRODUCT_NAME = "$(TARGET_NAME)";
				TEST_TARGET_NAME = tips;
				USES_XCTRUNNER = YES;
			};
			name = Debug;
		};
		847966801C254AD2006E338F /* Release */ = {
			isa = XCBuildConfiguration;
			buildSettings = {
				INFOPLIST_FILE = tipsUITests/Info.plist;
				LD_RUNPATH_SEARCH_PATHS = "$(inherited) @executable_path/Frameworks @loader_path/Frameworks";
				PRODUCT_BUNDLE_IDENTIFIER = com.allenwoot.tips.tipsUITests;
				PRODUCT_NAME = "$(TARGET_NAME)";
				TEST_TARGET_NAME = tips;
				USES_XCTRUNNER = YES;
			};
			name = Release;
		};
/* End XCBuildConfiguration section */

/* Begin XCConfigurationList section */
		8479664B1C254AD2006E338F /* Build configuration list for PBXProject "tips" */ = {
			isa = XCConfigurationList;
			buildConfigurations = (
				847966761C254AD2006E338F /* Debug */,
				847966771C254AD2006E338F /* Release */,
			);
			defaultConfigurationIsVisible = 0;
			defaultConfigurationName = Release;
		};
		847966781C254AD2006E338F /* Build configuration list for PBXNativeTarget "tips" */ = {
			isa = XCConfigurationList;
			buildConfigurations = (
				847966791C254AD2006E338F /* Debug */,
				8479667A1C254AD2006E338F /* Release */,
			);
			defaultConfigurationIsVisible = 0;
		};
		8479667B1C254AD2006E338F /* Build configuration list for PBXNativeTarget "tipsTests" */ = {
			isa = XCConfigurationList;
			buildConfigurations = (
				8479667C1C254AD2006E338F /* Debug */,
				8479667D1C254AD2006E338F /* Release */,
			);
			defaultConfigurationIsVisible = 0;
		};
		8479667E1C254AD2006E338F /* Build configuration list for PBXNativeTarget "tipsUITests" */ = {
			isa = XCConfigurationList;
			buildConfigurations = (
				8479667F1C254AD2006E338F /* Debug */,
				847966801C254AD2006E338F /* Release */,
			);
			defaultConfigurationIsVisible = 0;
		};
/* End XCConfigurationList section */
	};
	rootObject = 847966481C254AD2006E338F /* Project object */;
}
